{
    "_readme": [
        "This file locks the dependencies of your project to a known state",
        "Read more about it at https://getcomposer.org/doc/01-basic-usage.md#installing-dependencies",
        "This file is @generated automatically"
    ],
    "content-hash": "4a70d2804b42151486d8c34749301509",
    "packages": [
        {
            "name": "icebox/activerecord",
            "version": "dev-master",
            "source": {
                "type": "git",
                "url": "https://github.com/iceboxphp/activerecord.git",
                "reference": "f9e128b449ab12d748f085a6468d6efbc051ab20"
            },
            "dist": {
                "type": "zip",
                "url": "https://api.github.com/repos/iceboxphp/activerecord/zipball/f9e128b449ab12d748f085a6468d6efbc051ab20",
                "reference": "f9e128b449ab12d748f085a6468d6efbc051ab20",
                "shasum": ""
            },
            "require": {
                "php": ">=5.3.0"
            },
            "require-dev": {
                "pear/log": "~1.12",
                "pear/pear_exception": "1.0-beta1",
                "phpunit/phpunit": "4.*"
            },
            "type": "library",
            "autoload": {
                "files": [
                    "ActiveRecord.php"
                ]
            },
            "notification-url": "https://packagist.org/downloads/",
            "license": [
                "MIT"
            ],
            "description": "activerecord is an open source ORM library based on the ActiveRecord pattern.",
            "homepage": "http://torovin.com",
            "keywords": [
                "activerecord",
                "orm"
            ],
            "time": "2019-01-30T06:40:07+00:00"
        },
        {
            "name": "icebox/framework",
            "version": "dev-master",
            "source": {
                "type": "git",
                "url": "https://github.com/iceboxphp/framework.git",
                "reference": "74ee723eb03384ac654a3221b1d82842ed25a750"
            },
            "dist": {
                "type": "zip",
                "url": "https://api.github.com/repos/iceboxphp/framework/zipball/74ee723eb03384ac654a3221b1d82842ed25a750",
                "reference": "74ee723eb03384ac654a3221b1d82842ed25a750",
                "shasum": ""
            },
            "require": {
                "icebox/activerecord": "@dev"
            },
            "require-dev": {
                "phpunit/phpunit": "6.5"
            },
            "type": "library",
            "autoload": {
                "files": [
                    "src/helper.php"
                ],
                "psr-4": {
                    "Icebox\\": "src/icebox/"
                }
            },
            "notification-url": "https://packagist.org/downloads/",
            "description": "The Icebox Framework.",
            "homepage": "http://torovin.com/icebox",
            "keywords": [
                "framework",
                "icebox"
            ],
            "time": "2019-02-04T17:52:23+00:00"
        }
    ],
    "packages-dev": [],
    "aliases": [],
    "minimum-stability": "stable",
    "stability-flags": {
        "icebox/framework": 20,
        "icebox/activerecord": 20
    },
    "prefer-stable": false,
    "prefer-lowest": false,
    "platform": [],
    "platform-dev": []
}
